
Microsoft Visual Studio Solution File, Format Version 11.00
# Visual Studio 2010
Project("{FAE04EC0-301F-11D3-BF4B-00C04F79EFBC}") = "Zenject", "Zenject.csproj", "{ffe605b5-8cfa-4867-860d-c0d22a4cf012}"
EndProject
Project("{FAE04EC0-301F-11D3-BF4B-00C04F79EFBC}") = "Zenject-UnitTests-Editor", "Zenject-UnitTests-Editor.csproj", "{21f56218-ef5f-6417-7b5a-6d1d95d175eb}"
EndProject
Project("{FAE04EC0-301F-11D3-BF4B-00C04F79EFBC}") = "Zenject-IntegrationTests", "Zenject-IntegrationTests.csproj", "{f78bf97f-b511-cb80-8c94-ebeed34bc197}"
EndProject
Project("{FAE04EC0-301F-11D3-BF4B-00C04F79EFBC}") = "Zenject-IntegrationTests-Editor", "Zenject-IntegrationTests-Editor.csproj", "{03b03b9f-c556-c027-f5a1-dc416321972b}"
EndProject
Project("{FAE04EC0-301F-11D3-BF4B-00C04F79EFBC}") = "Zenject-ReflectionBaking-Editor", "Zenject-ReflectionBaking-Editor.csproj", "{49bb0554-0474-10d3-7dde-462d4bcfaf4e}"
EndProject
Project("{FAE04EC0-301F-11D3-BF4B-00C04F79EFBC}") = "Zenject-Editor", "Zenject-Editor.csproj", "{e3fdb1e1-7298-f720-abb0-e46e5db15f67}"
EndProject
Project("{FAE04EC0-301F-11D3-BF4B-00C04F79EFBC}") = "Zenject-TestFramework", "Zenject-TestFramework.csproj", "{5e67e7c9-1c00-3ddf-e45e-e54b9277fb85}"
EndProject
Project("{FAE04EC0-301F-11D3-BF4B-00C04F79EFBC}") = "Assembly-CSharp", "Assembly-CSharp.csproj", "{0542d713-ced6-26d1-e32e-8259abb5fdf0}"
EndProject
Project("{FAE04EC0-301F-11D3-BF4B-00C04F79EFBC}") = "Zenject-PoolMonitor-Editor", "Zenject-PoolMonitor-Editor.csproj", "{c8638d45-4247-dce4-270d-e2d4064765a5}"
EndProject
Project("{FAE04EC0-301F-11D3-BF4B-00C04F79EFBC}") = "Zenject", "Zenject.Player.csproj", "{eb281517-a2e2-bf75-88ce-121570c92a2c}"
EndProject
Project("{FAE04EC0-301F-11D3-BF4B-00C04F79EFBC}") = "Zenject-IntegrationTests", "Zenject-IntegrationTests.Player.csproj", "{15389616-e6b3-b0b1-2c09-45af5ba9a07f}"
EndProject
Project("{FAE04EC0-301F-11D3-BF4B-00C04F79EFBC}") = "Zenject-IntegrationTests-Editor", "Zenject-IntegrationTests-Editor.Player.csproj", "{1534f87d-2679-e98b-ed4d-8f9482c4c868}"
EndProject
Project("{FAE04EC0-301F-11D3-BF4B-00C04F79EFBC}") = "Assembly-CSharp", "Assembly-CSharp.Player.csproj", "{6d5a782f-b700-3ed0-ef07-48c93a960c24}"
EndProject
Project("{FAE04EC0-301F-11D3-BF4B-00C04F79EFBC}") = "Assembly-CSharp-firstpass", "Assembly-CSharp-firstpass.csproj", "{03132bb8-3796-1a6f-8f1f-167574776ef6}"
EndProject
Global
	GlobalSection(SolutionConfigurationPlatforms) = preSolution
		Debug|Any CPU = Debug|Any CPU
	EndGlobalSection
	GlobalSection(ProjectConfigurationPlatforms) = postSolution
		{ffe605b5-8cfa-4867-860d-c0d22a4cf012}.Debug|Any CPU.ActiveCfg = Debug|Any CPU
		{ffe605b5-8cfa-4867-860d-c0d22a4cf012}.Debug|Any CPU.Build.0 = Debug|Any CPU
		{21f56218-ef5f-6417-7b5a-6d1d95d175eb}.Debug|Any CPU.ActiveCfg = Debug|Any CPU
		{21f56218-ef5f-6417-7b5a-6d1d95d175eb}.Debug|Any CPU.Build.0 = Debug|Any CPU
		{f78bf97f-b511-cb80-8c94-ebeed34bc197}.Debug|Any CPU.ActiveCfg = Debug|Any CPU
		{f78bf97f-b511-cb80-8c94-ebeed34bc197}.Debug|Any CPU.Build.0 = Debug|Any CPU
		{03b03b9f-c556-c027-f5a1-dc416321972b}.Debug|Any CPU.ActiveCfg = Debug|Any CPU
		{03b03b9f-c556-c027-f5a1-dc416321972b}.Debug|Any CPU.Build.0 = Debug|Any CPU
		{49bb0554-0474-10d3-7dde-462d4bcfaf4e}.Debug|Any CPU.ActiveCfg = Debug|Any CPU
		{49bb0554-0474-10d3-7dde-462d4bcfaf4e}.Debug|Any CPU.Build.0 = Debug|Any CPU
		{e3fdb1e1-7298-f720-abb0-e46e5db15f67}.Debug|Any CPU.ActiveCfg = Debug|Any CPU
		{e3fdb1e1-7298-f720-abb0-e46e5db15f67}.Debug|Any CPU.Build.0 = Debug|Any CPU
		{5e67e7c9-1c00-3ddf-e45e-e54b9277fb85}.Debug|Any CPU.ActiveCfg = Debug|Any CPU
		{5e67e7c9-1c00-3ddf-e45e-e54b9277fb85}.Debug|Any CPU.Build.0 = Debug|Any CPU
		{0542d713-ced6-26d1-e32e-8259abb5fdf0}.Debug|Any CPU.ActiveCfg = Debug|Any CPU
		{0542d713-ced6-26d1-e32e-8259abb5fdf0}.Debug|Any CPU.Build.0 = Debug|Any CPU
		{c8638d45-4247-dce4-270d-e2d4064765a5}.Debug|Any CPU.ActiveCfg = Debug|Any CPU
		{c8638d45-4247-dce4-270d-e2d4064765a5}.Debug|Any CPU.Build.0 = Debug|Any CPU
		{eb281517-a2e2-bf75-88ce-121570c92a2c}.Debug|Any CPU.ActiveCfg = Debug|Any CPU
		{eb281517-a2e2-bf75-88ce-121570c92a2c}.Debug|Any CPU.Build.0 = Debug|Any CPU
		{15389616-e6b3-b0b1-2c09-45af5ba9a07f}.Debug|Any CPU.ActiveCfg = Debug|Any CPU
		{15389616-e6b3-b0b1-2c09-45af5ba9a07f}.Debug|Any CPU.Build.0 = Debug|Any CPU
		{1534f87d-2679-e98b-ed4d-8f9482c4c868}.Debug|Any CPU.ActiveCfg = Debug|Any CPU
		{1534f87d-2679-e98b-ed4d-8f9482c4c868}.Debug|Any CPU.Build.0 = Debug|Any CPU
		{6d5a782f-b700-3ed0-ef07-48c93a960c24}.Debug|Any CPU.ActiveCfg = Debug|Any CPU
		{6d5a782f-b700-3ed0-ef07-48c93a960c24}.Debug|Any CPU.Build.0 = Debug|Any CPU
		{03132bb8-3796-1a6f-8f1f-167574776ef6}.Debug|Any CPU.ActiveCfg = Debug|Any CPU
		{03132bb8-3796-1a6f-8f1f-167574776ef6}.Debug|Any CPU.Build.0 = Debug|Any CPU
	EndGlobalSection
	GlobalSection(SolutionProperties) = preSolution
		HideSolutionNode = FALSE
	EndGlobalSection
EndGlobal
